
Microsoft Visual Studio Solution File, Format Version 11.00
# Visual Studio 2010
Project("{8BC9CEB8-8B4A-11D0-8D11-00A0C91BC942}") = "ICPC", "ICPC\ICPC.vcxproj", "{AA549B6A-7C01-45BF-A3D0-F95BA600549A}"
EndProject
Global
	GlobalSection(SolutionConfigurationPlatforms) = preSolution
		Debug|Win32 = Debug|Win32
		Release|Win32 = Release|Win32
	EndGlobalSection
	GlobalSection(ProjectConfigurationPlatforms) = postSolution
		{AA549B6A-7C01-45BF-A3D0-F95BA600549A}.Debug|Win32.ActiveCfg = Debug|Win32
		{AA549B6A-7C01-45BF-A3D0-F95BA600549A}.Debug|Win32.Build.0 = Debug|Win32
		{AA549B6A-7C01-45BF-A3D0-F95BA600549A}.Release|Win32.ActiveCfg = Release|Win32
		{AA549B6A-7C01-45BF-A3D0-F95BA600549A}.Release|Win32.Build.0 = Release|Win32
	EndGlobalSection
	GlobalSection(SolutionProperties) = preSolution
		HideSolutionNode = FALSE
	EndGlobalSection
EndGlobal
